{
  "requires": true,
  "lockfileVersion": 1,
  "dependencies": {
    "eslint-config-jquery": {
      "version": "3.0.0",
      "resolved": "https://registry.npmjs.org/eslint-config-jquery/-/eslint-config-jquery-3.0.0.tgz",
      "integrity": "sha512-VDdRAIlNq1EM5P7J4JGQSCnZEIvIlNGGTUTCPT2wQNZ2GT69rsAwSIqZVcoiyZbwY7TaaMwLOxwSjqm+DEUjbA==",
      "dev": true
    }
  }
}
